
Microsoft Visual Studio Solution File, Format Version 12.00
# Visual Studio 2012
Project("{FAE04EC0-301F-11D3-BF4B-00C04F79EFBC}") = "MapAndPosition", "MapAndPosition\MapAndPosition.csproj", "{31B55FB9-EDF0-4C00-AAE5-D2A08BFB82A1}"
EndProject
Global
	GlobalSection(SolutionConfigurationPlatforms) = preSolution
		Debug|x86 = Debug|x86
		Release|x86 = Release|x86
	EndGlobalSection
	GlobalSection(ProjectConfigurationPlatforms) = postSolution
		{31B55FB9-EDF0-4C00-AAE5-D2A08BFB82A1}.Debug|x86.ActiveCfg = Debug|x86
		{31B55FB9-EDF0-4C00-AAE5-D2A08BFB82A1}.Debug|x86.Build.0 = Debug|x86
		{31B55FB9-EDF0-4C00-AAE5-D2A08BFB82A1}.Release|x86.ActiveCfg = Release|x86
		{31B55FB9-EDF0-4C00-AAE5-D2A08BFB82A1}.Release|x86.Build.0 = Release|x86
	EndGlobalSection
	GlobalSection(MonoDevelopProperties) = preSolution
		StartupItem = MapSystem\MapAndPosition.csproj
	EndGlobalSection
EndGlobal
